
Microsoft Visual Studio Solution File, Format Version 12.00
# Visual Studio Version 17
VisualStudioVersion = 17.11.35327.3
MinimumVisualStudioVersion = 10.0.40219.1
Project("{FAE04EC0-301F-11D3-BF4B-00C04F79EFBC}") = "vincenty", "vincenty.csproj", "{76D2E7FB-C791-45E7-8AB0-538CE817E882}"
EndProject
Global
	GlobalSection(SolutionConfigurationPlatforms) = preSolution
		Debug|Any CPU = Debug|Any CPU
		Release|Any CPU = Release|Any CPU
	EndGlobalSection
	GlobalSection(ProjectConfigurationPlatforms) = postSolution
		{76D2E7FB-C791-45E7-8AB0-538CE817E882}.Debug|Any CPU.ActiveCfg = Debug|Any CPU
		{76D2E7FB-C791-45E7-8AB0-538CE817E882}.Debug|Any CPU.Build.0 = Debug|Any CPU
		{76D2E7FB-C791-45E7-8AB0-538CE817E882}.Release|Any CPU.ActiveCfg = Release|Any CPU
		{76D2E7FB-C791-45E7-8AB0-538CE817E882}.Release|Any CPU.Build.0 = Release|Any CPU
	EndGlobalSection
	GlobalSection(SolutionProperties) = preSolution
		HideSolutionNode = FALSE
	EndGlobalSection
	GlobalSection(ExtensibilityGlobals) = postSolution
		SolutionGuid = {D9C1230D-6F33-496B-B07F-BAFB5527B01E}
	EndGlobalSection
EndGlobal
